<?xml version="1.0" encoding="utf-8"?>
<Project ToolsVersion="4.0" xmlns="http://schemas.microsoft.com/developer/msbuild/2003">
  <ItemGroup>
    <ClCompile Include="..\..\..\src\main.c" />
    <ClCompile Include="..\..\..\src\screen_state\screen_state.c">
      <Filter>screen_state</Filter>
    </ClCompile>
    <ClCompile Include="..\..\..\src\app_state\app_state.c">
      <Filter>app_state</Filter>
    </ClCompile>
    <ClCompile Include="..\..\..\src\placeholder_state\placeholder_state.c">
      <Filter>placeholder_state</Filter>
    </ClCompile>
    <ClCompile Include="..\..\..\src\box2d_wrap\box2d_world.c">
      <Filter>box2d_wrap</Filter>
    </ClCompile>
    <ClCompile Include="..\..\..\src\box2d_wrap\box2d_body_shape.c">
      <Filter>box2d_wrap</Filter>
    </ClCompile>
    <ClCompile Include="..\..\..\src\box2d_wrap\box2d_raylib.c">
      <Filter>box2d_wrap</Filter>
    </ClCompile>
    <ClCompile Include="..\..\..\src\platformer_test\platformer_level.c">
      <Filter>platformer_test</Filter>
    </ClCompile>
    <ClCompile Include="..\..\..\src\platformer_test\platformer_physics.c">
      <Filter>platformer_test</Filter>
    </ClCompile>
    <ClCompile Include="..\..\..\src\platformer_test\platformer_test.c">
      <Filter>platformer_test</Filter>
    </ClCompile>
    <ClCompile Include="..\..\..\src\audio_state\audio_state.c">
      <Filter>audio_state</Filter>
    </ClCompile>
    <ClCompile Include="..\..\..\src\input\input.c">
      <Filter>input</Filter>
    </ClCompile>
    <ClCompile Include="..\..\..\src\main_menu\main_menu.c">
      <Filter>main_menu</Filter>
    </ClCompile>
    <ClCompile Include="..\..\..\src\settings_state\settings_state.c">
      <Filter>settings_state</Filter>
    </ClCompile>
    <ClCompile Include="..\..\..\src\transition\transition_state.c">
      <Filter>transition</Filter>
    </ClCompile>
  </ItemGroup>
  <ItemGroup>
    <ResourceCompile Include="..\..\..\src\base_template.rc" />
  </ItemGroup>
  <ItemGroup>
    <Filter Include="screen_state">
      <UniqueIdentifier>{02c0dfe3-0ce7-4fd6-8c0d-103ee85b663e}</UniqueIdentifier>
    </Filter>
    <Filter Include="app_state">
      <UniqueIdentifier>{dee7014e-f783-43fb-af79-3bab26361afb}</UniqueIdentifier>
    </Filter>
    <Filter Include="placeholder_state">
      <UniqueIdentifier>{50f20910-aeb0-4f5c-b18e-d13ee7f5ecde}</UniqueIdentifier>
    </Filter>
    <Filter Include="box2d_wrap">
      <UniqueIdentifier>{45cdfe42-2e31-4cfa-b60f-577385fad4e4}</UniqueIdentifier>
    </Filter>
    <Filter Include="platformer_test">
      <UniqueIdentifier>{1c2d75e7-0f4d-4efb-a221-dd60315ff7e4}</UniqueIdentifier>
    </Filter>
    <Filter Include="examples">
      <UniqueIdentifier>{85a4eed5-daa3-44cb-b3c1-9eb41dc65a01}</UniqueIdentifier>
    </Filter>
    <Filter Include="audio_state">
      <UniqueIdentifier>{883112c5-2a27-4ec9-a7e2-52c0487a0162}</UniqueIdentifier>
    </Filter>
    <Filter Include="input">
      <UniqueIdentifier>{69a0d445-cf1a-40cc-8779-9a3161113127}</UniqueIdentifier>
    </Filter>
    <Filter Include="main_menu">
      <UniqueIdentifier>{c016b78c-bd70-4352-8d95-043b831cd6d7}</UniqueIdentifier>
    </Filter>
    <Filter Include="settings_state">
      <UniqueIdentifier>{06ef77a5-8a56-4cc7-89e1-7cc4511f9104}</UniqueIdentifier>
    </Filter>
    <Filter Include="transition">
      <UniqueIdentifier>{7f3a1c02-4b8e-4d21-9a6c-2e5f8b0d1a34}</UniqueIdentifier>
    </Filter>
  </ItemGroup>
  <ItemGroup>
    <ClInclude Include="..\..\..\src\screen_state\screen_state.h">
      <Filter>screen_state</Filter>
    </ClInclude>
    <ClInclude Include="..\..\..\src\app_state\app_state.h">
      <Filter>app_state</Filter>
    </ClInclude>
    <ClInclude Include="..\..\..\src\box2d_wrap\box2d_wrap.h">
      <Filter>box2d_wrap</Filter>
    </ClInclude>
    <ClInclude Include="..\..\..\src\platformer_test\platformer_constants.h">
      <Filter>platformer_test</Filter>
    </ClInclude>
    <ClInclude Include="..\..\..\src\platformer_test\platformer_physics.h">
      <Filter>platformer_test</Filter>
    </ClInclude>
    <ClInclude Include="..\..\..\src\platformer_test\platformer_types.h">
      <Filter>platformer_test</Filter>
    </ClInclude>
    <ClInclude Include="..\..\..\src\audio_state\audio_state.h">
      <Filter>audio_state</Filter>
    </ClInclude>
    <ClInclude Include="..\..\..\src\input\input.h">
      <Filter>input</Filter>
    </ClInclude>
    <ClInclude Include="..\..\..\src\settings_state\settings_state.h">
      <Filter>settings_state</Filter>
    </ClInclude>
  </ItemGroup>
</Project>